<?xml version="1.0" encoding="UTF-8" standalone="yes" ?>
<CodeBlocks_project_file>
	<FileVersion major="1" minor="6" />
	<Project>
		<Option title="leaf-trainer" />
		<Option pch_mode="2" />
		<Option compiler="gcc" />
		<Option virtualFolders="Identifier\;Identifier-imp\;Identifier\Imp\;Trainer\;" />
		<Build>
			<Target title="Debug">
				<Option output="F:/Projects/Leaf_in_mind/Yrui_leaf/Code/Wu/App/Debug/leaf-trainer" prefix_auto="1" extension_auto="1" />
				<Option working_dir="F:/Projects/Leaf_in_mind/Yrui_leaf/Code/Wu/App/Debug" />
				<Option object_output="obj/debug/" />
				<Option type="1" />
				<Option compiler="gcc" />
				<Option parameters="F:\Projects\Leaf_in_mind\Yrui_leaf\Leaves_data\Refine" />
				<Compiler>
					<Add option="-g" />
					<Add directory="F:/Programs/OpenCV/opencv/build/include" />
				</Compiler>
				<Linker>
					<Add library="F:\Programs\OpenCV\opencv\cb-mingw\lib\libopencv_core245.dll.a" />
					<Add library="F:\Programs\OpenCV\opencv\cb-mingw\lib\libopencv_ml245.dll.a" />
					<Add library="D:\Programming\C++\boost\stage\libboost_atomic-mgw47-mt-d-1_54.a" />
					<Add library="D:\Programming\C++\boost\stage\libboost_chrono-mgw47-mt-d-1_54.a" />
					<Add library="D:\Programming\C++\boost\stage\libboost_date_time-mgw47-mt-d-1_54.a" />
					<Add library="D:\Programming\C++\boost\stage\libboost_exception-mgw47-mt-d-1_54.a" />
					<Add library="D:\Programming\C++\boost\stage\libboost_filesystem-mgw47-mt-d-1_54.a" />
					<Add library="D:\Programming\C++\boost\stage\libboost_iostreams-mgw47-mt-d-1_54.a" />
					<Add library="D:\Programming\C++\boost\stage\libboost_locale-mgw47-mt-d-1_54.a" />
					<Add library="D:\Programming\C++\boost\stage\libboost_log_setup-mgw47-mt-d-1_54.a" />
					<Add library="D:\Programming\C++\boost\stage\libboost_log-mgw47-mt-d-1_54.a" />
					<Add library="D:\Programming\C++\boost\stage\libboost_random-mgw47-mt-d-1_54.a" />
					<Add library="D:\Programming\C++\boost\stage\libboost_regex-mgw47-mt-d-1_54.a" />
					<Add library="D:\Programming\C++\boost\stage\libboost_serialization-mgw47-mt-d-1_54.a" />
					<Add library="D:\Programming\C++\boost\stage\libboost_signals-mgw47-mt-d-1_54.a" />
					<Add library="D:\Programming\C++\boost\stage\libboost_system-mgw47-mt-d-1_54.a" />
					<Add library="D:\Programming\C++\boost\stage\libboost_thread-mgw47-mt-d-1_54.a" />
					<Add library="D:\Programming\C++\boost\stage\libboost_wserialization-mgw47-mt-d-1_54.a" />
					<Add library="F:\Programs\OpenCV\opencv\cb-mingw\lib\libopencv_highgui245.dll.a" />
					<Add library="F:\Programs\OpenCV\opencv\cb-mingw\lib\libopencv_imgproc245.dll.a" />
				</Linker>
			</Target>
			<Target title="Release">
				<Option output="app/release/leaf-trainer" prefix_auto="1" extension_auto="1" />
				<Option object_output="obj/release/" />
				<Option type="1" />
				<Option compiler="gcc" />
				<Compiler>
					<Add option="-O2" />
				</Compiler>
				<Linker>
					<Add option="-s" />
				</Linker>
			</Target>
		</Build>
		<Compiler>
			<Add option="-Wall" />
			<Add option="-fexceptions" />
		</Compiler>
		<Unit filename="../Learn_opencv/Feature_view.h">
			<Option virtualFolder="Identifier/" />
		</Unit>
		<Unit filename="../Learn_opencv/Identifier_recognition_imp.cpp">
			<Option virtualFolder="Identifier-imp/" />
		</Unit>
		<Unit filename="../Learn_opencv/Leaf_identifier.cpp">
			<Option virtualFolder="Identifier-imp/" />
		</Unit>
		<Unit filename="../Learn_opencv/Leaf_identifier.h">
			<Option virtualFolder="Identifier/" />
		</Unit>
		<Unit filename="../Learn_opencv/Leaf_identifier_imp.cpp">
			<Option virtualFolder="Identifier-imp/" />
		</Unit>
		<Unit filename="../Learn_opencv/Leaf_identifier_imp.h">
			<Option virtualFolder="Identifier/Imp/" />
		</Unit>
		<Unit filename="../Learn_opencv/Leaf_trainer.cpp">
			<Option virtualFolder="Trainer/" />
		</Unit>
		<Unit filename="../Learn_opencv/Leaf_util.h">
			<Option virtualFolder="Identifier/" />
		</Unit>
		<Unit filename="../Learn_opencv/Precompile.cpp">
			<Option virtualFolder="Identifier-imp/" />
		</Unit>
		<Unit filename="../Learn_opencv/Precompile.h">
			<Option virtualFolder="Identifier/Imp/" />
		</Unit>
		<Extensions>
			<code_completion />
			<envvars />
			<debugger>
				<search_path add="F:\Projects\Leaf_in_mind\Yrui_leaf\Code\Wu\App\Debug" />
			</debugger>
			<lib_finder disable_auto="1" />
		</Extensions>
	</Project>
</CodeBlocks_project_file>
